
Microsoft Visual Studio Solution File, Format Version 11.00
# Visual Studio 2010
Project("{FAE04EC0-301F-11D3-BF4B-00C04F79EFBC}") = "flagInformationApp", "flagInformationApp\flagInformationApp.csproj", "{D2C8980D-432C-4DD3-9B3F-2C08B381F47C}"
EndProject
Global
	GlobalSection(SolutionConfigurationPlatforms) = preSolution
		Debug|Any CPU = Debug|Any CPU
		Release|Any CPU = Release|Any CPU
	EndGlobalSection
	GlobalSection(ProjectConfigurationPlatforms) = postSolution
		{D2C8980D-432C-4DD3-9B3F-2C08B381F47C}.Debug|Any CPU.ActiveCfg = Debug|Any CPU
		{D2C8980D-432C-4DD3-9B3F-2C08B381F47C}.Debug|Any CPU.Build.0 = Debug|Any CPU
		{D2C8980D-432C-4DD3-9B3F-2C08B381F47C}.Debug|Any CPU.Deploy.0 = Debug|Any CPU
		{D2C8980D-432C-4DD3-9B3F-2C08B381F47C}.Release|Any CPU.ActiveCfg = Release|Any CPU
		{D2C8980D-432C-4DD3-9B3F-2C08B381F47C}.Release|Any CPU.Build.0 = Release|Any CPU
		{D2C8980D-432C-4DD3-9B3F-2C08B381F47C}.Release|Any CPU.Deploy.0 = Release|Any CPU
	EndGlobalSection
	GlobalSection(SolutionProperties) = preSolution
		HideSolutionNode = FALSE
	EndGlobalSection
EndGlobal
